
Microsoft Visual Studio Solution File, Format Version 12.00
# Visual Studio Version 17
VisualStudioVersion = 17.2.32505.173
MinimumVisualStudioVersion = 10.0.40219.1
Project("{FAE04EC0-301F-11D3-BF4B-00C04F79EFBC}") = "SBSender", "SBSender\SBSender.csproj", "{CF803B2E-6DBD-4AE7-9D98-F142C53F7C38}"
EndProject
Global
	GlobalSection(SolutionConfigurationPlatforms) = preSolution
		Debug|Any CPU = Debug|Any CPU
		Release|Any CPU = Release|Any CPU
	EndGlobalSection
	GlobalSection(ProjectConfigurationPlatforms) = postSolution
		{CF803B2E-6DBD-4AE7-9D98-F142C53F7C38}.Debug|Any CPU.ActiveCfg = Debug|Any CPU
		{CF803B2E-6DBD-4AE7-9D98-F142C53F7C38}.Debug|Any CPU.Build.0 = Debug|Any CPU
		{CF803B2E-6DBD-4AE7-9D98-F142C53F7C38}.Release|Any CPU.ActiveCfg = Release|Any CPU
		{CF803B2E-6DBD-4AE7-9D98-F142C53F7C38}.Release|Any CPU.Build.0 = Release|Any CPU
	EndGlobalSection
	GlobalSection(SolutionProperties) = preSolution
		HideSolutionNode = FALSE
	EndGlobalSection
	GlobalSection(ExtensibilityGlobals) = postSolution
		SolutionGuid = {E91D4D08-0E4C-45CF-BDA7-CA9C3707240D}
	EndGlobalSection
EndGlobal
